
Microsoft Visual Studio Solution File, Format Version 12.00
# Visual Studio Version 16
VisualStudioVersion = 16.0.30011.22
MinimumVisualStudioVersion = 10.0.40219.1
Project("{FAE04EC0-301F-11D3-BF4B-00C04F79EFBC}") = "NationWord", "NationWord\NationWord.csproj", "{A2F6A1BE-5362-49F1-817A-F21012B2D582}"
EndProject
Global
	GlobalSection(SolutionConfigurationPlatforms) = preSolution
		Debug|Any CPU = Debug|Any CPU
		Release|Any CPU = Release|Any CPU
	EndGlobalSection
	GlobalSection(ProjectConfigurationPlatforms) = postSolution
		{A2F6A1BE-5362-49F1-817A-F21012B2D582}.Debug|Any CPU.ActiveCfg = Debug|Any CPU
		{A2F6A1BE-5362-49F1-817A-F21012B2D582}.Debug|Any CPU.Build.0 = Debug|Any CPU
		{A2F6A1BE-5362-49F1-817A-F21012B2D582}.Release|Any CPU.ActiveCfg = Release|Any CPU
		{A2F6A1BE-5362-49F1-817A-F21012B2D582}.Release|Any CPU.Build.0 = Release|Any CPU
	EndGlobalSection
	GlobalSection(SolutionProperties) = preSolution
		HideSolutionNode = FALSE
	EndGlobalSection
	GlobalSection(ExtensibilityGlobals) = postSolution
		SolutionGuid = {A1F536B2-8D40-40F0-BACB-90A8924A2780}
	EndGlobalSection
EndGlobal
